# M03 WO-6: PyPI wheels of the optional NLP path's environment, installed --no-deps --require-hashes
# into the conda-forge environment of nlp-conda-explicit.txt. The default runtime closure at
# requirements.lock's versions, plus pyomo and packaging (Pyomo detects numpy through
# packaging.version and declares no dependency on it). cyipopt comes from conda-forge, not PyPI.
attrs==26.1.0 --hash=sha256:c647aa4a12dfbad9333ca4e71fe62ddc36f4e63b2d260a37a8b83d2f043ac309
casadi==3.8.0 --hash=sha256:b58ae6f3784b5553461d70de9848ca5c893e5ae3eb81d00959dce2ce8484da58
jsonschema==4.26.0 --hash=sha256:d489f15263b8d200f8387e64b4c3a75f06629559fb73deb8fdfb525f2dab50ce
jsonschema_specifications==2025.9.1 --hash=sha256:98802fee3a11ee76ecaca44429fda8a41bff98b00a0f2838151b113f210cc6fe
numpy==2.2.4 --hash=sha256:bce43e386c16898b91e162e5baaad90c4b06f9dcbe36282490032cec98dc8ae7
packaging==26.3 --hash=sha256:d7193f7c8e4e93f444fde0262bf90af30e16fa0ad0ad44cb553c87339b23cd1c
pyomo==6.10.1 --hash=sha256:9efddbc4c83971189047e734ba108ca6fdde8ff3390e0944e6eb928db0707ecd
PyYAML==6.0.2 --hash=sha256:70b189594dbe54f75ab3a1acec5f1e3faa7e8cf2f1e08d9b561cb41b845f69d5
referencing==0.37.0 --hash=sha256:381329a9f99628c9069361716891d34ad94af76e461dcb0335825aecc7692231
rpds_py==2026.6.3 --hash=sha256:acac386b453c2516111b50985d60ce46e7fadb5ea71ae7b25f4c946935bf27cf
scipy==1.15.3 --hash=sha256:c9deabd6d547aee2c9a81dee6cc96c6d7e9a9b1953f74850c179f91fdc729cb7
typing_extensions==4.16.0 --hash=sha256:481caa481374e813c1b176ada14e97f1f67a4539ce9cfeb3f350d78d6370c2e8
