# The pinned reactor environment (M02 design note §2.4): every distribution and its hashes.
# Generated by `python -m openflowsheet.adapters.pymrm.env lock` from a pip freeze of the
# resolution of ammonia_synthesis_reactor@6089593[test] (reactor_probe.py's recipe), not
# edited by hand. Install: pip install --require-hashes --no-deps -r reactor-env.lock
alabaster==1.0.0 \
    --hash=sha256:c00dca57bca26fa62a6d7d0a9fcce65f3e026e9bfe33e9c538fd3fbb2144fd9e \
    --hash=sha256:fc6786402dc3fcb2de3cabd5fe455a2db534b371124f1f21de8731783dec828b
asttokens==3.0.2 \
    --hash=sha256:3ecdbd8f2cc195f53ccada3a613538bb5f9ef6f6869129f13e03c30a677b8fe2 \
    --hash=sha256:9da13157f5b28becde0bd374fc677dcd3c290614264eff096f167c469cd9f933
attrs==26.1.0 \
    --hash=sha256:c647aa4a12dfbad9333ca4e71fe62ddc36f4e63b2d260a37a8b83d2f043ac309 \
    --hash=sha256:d03ceb89cb322a8fd706d4fb91940737b6642aa36998fe130a9bc96c985eff32
babel==2.18.0 \
    --hash=sha256:b80b99a14bd085fcacfa15c9165f651fbb3406e66cc603abf11c5750937c992d \
    --hash=sha256:e2b422b277c2b9a9630c1d7903c2a00d0830c409c59ac8cae9081c92f1aeba35
certifi==2026.7.22 \
    --hash=sha256:62f22742b58a1a33014a2b6b706588a8d7e2a88ae7bd1a6ebe8c992928483775 \
    --hash=sha256:741e2c3b351ddf169a738da9f2c048608ff7f2c5cc02f1ebc6b118bb090d5d55
charset-normalizer==3.5.2 \
    --hash=sha256:01077390b03f7988f11d700a2194e69b119741a86b1a638b1db88891e3eced8e \
    --hash=sha256:01b0c0d2262a9e28e8484a278c7e1b5d650e3ac8cf2683d2967e25899f208bdf \
    --hash=sha256:0774bf9bf620249fee3e0b8b9fd3065de213be30f3aa94ce2494b3b638949e26 \
    --hash=sha256:0c951d5e6dd9c2ff60609476752bee49da4206adde960ebc247766937f72e718 \
    --hash=sha256:0fed1d06615f022ee3b13caf5e8b180cfea32bb2c5aded8a9d44277afc040f93 \
    --hash=sha256:11912e4bb14baae7c5d8791aa55ba0a3a03ec6729073307b0f57270abaa713d3 \
    --hash=sha256:15c44f7edfd477b06f517a5cc317fc1707edb9de2c865f43d4b6513907473234 \
    --hash=sha256:1bc0baf5ef96b6ede57d47f4b8fe4d9d84019c3bfcbeb20a41edc6a6ee341f1f \
    --hash=sha256:1c50fe28bbc2ced33386f298650d91218076c05420e6cbd790b913adc41659e7 \
    --hash=sha256:1db38f4c5496827c1a501846d64d14c3b80c7e6714e406cd7dc36a9899fa1011 \
    --hash=sha256:2b7b3bbfb4fe8ef40600792d762fbaa9057559f9d3fad209525b7a22b99e91fd \
    --hash=sha256:2c9ad19a6cfcd5ea5c0d41161d22f9df1dcc277e9bef2751391334546a314c00 \
    --hash=sha256:2ce45c6627b22c47e390bc91a41c3d13032192e699fa0bea96e9671b373d69b0 \
    --hash=sha256:304d8e4d493af723536393eee0c689eb7813f4a474c8b479dee63f1fdd98f621 \
    --hash=sha256:39de2a259fc954455c57274dc94c79d5842774e1247a016aff30bc0efed0f4ef \
    --hash=sha256:40ab6bffa02ae10a0581e6c198be7d2d8ca5c2a0c64e4ed3465d766df457573e \
    --hash=sha256:4275811936e2f06feff5e598fb42a1b7ae852da8e39605211892b56b81a34efd \
    --hash=sha256:56bc200a365efb37383b7852e4cc5898d3b2da5987289b543956cf8cad71018a \
    --hash=sha256:6045373d5a89a5ec71afde535db987ca28e76dfa276c2d4c818265b375d4b055 \
    --hash=sha256:62603db9a7caa0802eaa28c1c46fecd7b3a263a774069c24c3c28c302448721c \
    --hash=sha256:7218e8f32b0956cfcd048fd42d9d5779809745ca1d86113ca56f66e7ae1549c4 \
    --hash=sha256:78456a747de8dc58360ffa581f30a002baf5aa28cb262536545e91f113ed7639 \
    --hash=sha256:7e841fb9010836c992c9f12fcbd43a831de93a5f726fc1ccd8ca1d0268c5014c \
    --hash=sha256:838dcc90063569a0448120554591a1d6c4a4ffe11babf048908793154ab86ade \
    --hash=sha256:849df64e889b2e17230d58410a03dba311a65b163508fd33679b2b737d4b7858 \
    --hash=sha256:9b7f416ff0978e2f2249330527f0ad6fa02f4932e6199692d3b52da2048c19e4 \
    --hash=sha256:9cae88599c7219005d879f98e5ed53341e9a122af585e1091200358a3003d2a0 \
    --hash=sha256:9f56f72050826f63dcee7a7f55b0a77168cb3bfc553fd405e7f8f9ece75a4036 \
    --hash=sha256:a090bb2c68df85450502e3e20d665e3a5af9c65a84d6508ed477badd49166fd3 \
    --hash=sha256:a19a731138fc27d5682277d3b9df22855cea1239bce7fcec5f78f42ef2d1f3c3 \
    --hash=sha256:a66c3bc5ab1f0ff2164fc9965ddd611ff0802173f4b9d24554c563f6ab7e1d6e \
    --hash=sha256:a89012d6d5476ee112d20d998570ed58df2260a852afb1758809cd6900411d21 \
    --hash=sha256:b6856554c4f44d79fc2307d5768854310a8f0096e501c75637542c82292b0429 \
    --hash=sha256:b6b751274acb69d77b3323d6b7dbaa3c7fdfc1eb829b7eb61d262f32e1af9685 \
    --hash=sha256:d19fbd981a488e22cd04883659ca6b08f50b5974f9fd7c95655ef6a043e5893f \
    --hash=sha256:d2374b62878abb00cd8309b32af6c0b715cd02dec0ca74ef12e5069bdc64144a \
    --hash=sha256:d376bbd28b3a8999db1a103b3b388aee6f1ddeb3e51bc2172993efdcd86e064d \
    --hash=sha256:e243bd13217235fc7290c621941c3f5cc8b66e4872495be821d7436ba2fb838d \
    --hash=sha256:ed905975ab14056a2e5eb1c376cb2e1ebc5396baf84163939c518556fccde9f5
comm==0.2.3 \
    --hash=sha256:2dc8048c10962d55d7ad693be1e7045d891b7ce8d999c97963a5e3e99c055971 \
    --hash=sha256:c615d91d75f7f04f095b30d1c1711babd43bdc6419c1be9886a85f2f4e489417
contourpy==1.4.0 \
    --hash=sha256:196759a3e4db60e1546167e361090ebb6d199aa3aafc9e34ea17a5ac3b23e814 \
    --hash=sha256:20156f5a1ac4f8ce02656e39a61e82164a3d359796dc8026f75b062783d500e1 \
    --hash=sha256:20da2f86bfaed60dbba729fe738c8241b1dd22b6cf7e8cbbf30df290bd04ba28 \
    --hash=sha256:423bd5f4b3f11d54a8c597234e513382e3454bb106b8ec7ae32ba4ed63f8d99b \
    --hash=sha256:510f7d93d94cf6ebf4e2cd0640bea16ab8affac7547230175b6745b596ce0599 \
    --hash=sha256:6507a016976a75a15aee47809a34605de6244ccc056e6164bf9fb14b27eecad4 \
    --hash=sha256:6ced1670fafee703b8277ab1645072a226e74f167166eae146fb743916119b67 \
    --hash=sha256:7f861af508fca2384eef392bc1d8377cfa349b2b854cb11b45d89c75780e2561 \
    --hash=sha256:9c0e07c691f3b3321913ed9b8161c50ea5f77fadd006f52f5e755359b0dcbfc5 \
    --hash=sha256:a03b32c2e7eda8b17757c022162c13c86f5c3d6f937dddf9ba3c3ff7b513953b \
    --hash=sha256:abd0f7e51ecc52bf8c95713bd80b1c17c516a71fa391c54475308a4377903c2b \
    --hash=sha256:e21d1d4a9db5b3a793649c7ab0ddb4697f2818929eec871a7b9c45fce7b2a1ea \
    --hash=sha256:f1219a8898523cba821085f2da8a1b962cc696325763f09d7f93538ba43b2d70
coverage==7.16.2 \
    --hash=sha256:0993d0e90858c03943d3cb152e068a20dd4707924deec84dd2230261baae3b1b \
    --hash=sha256:11d28e9123a9156cb405d8d27b44256c9a58fb5decc2073a8f17862057e3aa0f \
    --hash=sha256:11e597173af1dc33d5f8a7332ada544199269a223af1ee1770ddd5e245ad0fe8 \
    --hash=sha256:14253fc7bb15749b849795a06f5d3b6d8bc3fb8a4b5ddc341faf7a89dce205fc \
    --hash=sha256:1a37c6e478cf687e1aa30a593d19c92c02fad9d122b51ab73f51b8dc7a0c0fc9 \
    --hash=sha256:1f15254427c9b33eedac4f198eaf9e356eb4f6214551afb43da6194a2c088ad7 \
    --hash=sha256:28ff850182a67d117990fa2ce5ea1032836d8c9630dae867e8bdd3bff4533b79 \
    --hash=sha256:3e7f99698ba3a7d13988bdd984b7ebf13af4dbe2166dc8502eef90d77603b0a4 \
    --hash=sha256:4358b9c8c0125b460407f3017c6cce8156e904b32772c5630d27112f52bdbfe5 \
    --hash=sha256:8be099e979fc42559328a21828281b4578304191ae46ed4e80a407048a82eee6 \
    --hash=sha256:921415102a90637fcc2e3f169f61dad7699ecf690e8639fc21b813acbedc0967 \
    --hash=sha256:9a75a4704ff640e46170042eec1f984385a121227c505d5a16ad8e495f452541 \
    --hash=sha256:bb2fc905bbf4e6b7f40806ea79e31515abf6349594cdf0adf27c4215f0463204 \
    --hash=sha256:ca64d9f1f384f151b9511bec01126072acd2f313439f8ed015a22d8790aab6fa \
    --hash=sha256:cce2bc991293f15cc4084ca116827b5900c5f34e1a54dfe83f10ab5c43162eb7 \
    --hash=sha256:e1fa594c887365b69745f25a416806e61085dd07b94c9eae68a6e20730629b23 \
    --hash=sha256:f80bd9f9633eafc73d0a913ba2645c96ba58bba1befc30590f7c0fbfde59d865
cycler==0.12.1 \
    --hash=sha256:85cef7cff222d8644161529808465972e51340599459b8ac3ccbac5a854e0d30 \
    --hash=sha256:88bb128f02ba341da8ef447245a9e138fae777f6a23943da4540077d3601eb1c
debugpy==1.8.22 \
    --hash=sha256:a9e9d3550e15ca479c59333e90845029190531f0cacfedab3b815a57bd913947 \
    --hash=sha256:ba810a66b437e3c43ca0ce0892404f010338286263ca8e5108442d76a9485337 \
    --hash=sha256:c1ffb9953708b648ecf6acd2e5ad2c002bf68785ed618197dd4463a2a7226f39 \
    --hash=sha256:c21dd7e1ec22556bb41dc3bf6b86c603e440ec889c4acb27d7206354b2106c54 \
    --hash=sha256:e489c7268e1c7b41e13b438d9c533d2a7af73fb59bf8cd30fead8286c1c39c4e \
    --hash=sha256:f49b1d6cecf326b63c06d7f517e4a6642777f758c58cb799e7bc5a6dd74721c2
docutils==0.22.4 \
    --hash=sha256:4db53b1fde9abecbb74d91230d32ab626d94f6badfc575d6db9194a49df29968 \
    --hash=sha256:d0013f540772d1420576855455d050a2180186c91c15779301ac2ccb3eeb68de
et-xmlfile==2.0.0 \
    --hash=sha256:7a91720bc756843502c3b7504c77b8fe44217c85c537d85037f0f536151b2caa \
    --hash=sha256:dab3f4764309081ce75662649be815c4c9081e88f0837825f90fd28317d4da54
executing==2.2.1 \
    --hash=sha256:3632cc370565f6648cc328b32435bd120a1e4ebb20c77e3fdde9a13cd1e533c4 \
    --hash=sha256:760643d3452b4d777d295bb167ccc74c64a81df23fb5e08eff250c425a4b2017
fastjsonschema==2.22.2 \
    --hash=sha256:0fb3915616adac85ccfdd737d26be1089845d2019819505b42d39888458f74d4 \
    --hash=sha256:72064e12356a7d6ef02165be2946b9abadbdf238536e07eb587e3dbaa33099cf
fonttools==4.66.1 \
    --hash=sha256:08d8956e3ec990c75230d92f1630b215e8f3738c83a003421c22b31ebfd0ce15 \
    --hash=sha256:1801fdad5600118327171e0e8aa79f7cc48831dd55ab36998c9de03bd5ffe6cd \
    --hash=sha256:43d1284c1964666ee833f2badd3017dc138f53d4889043ffca66c5ce4188f188 \
    --hash=sha256:53e5854ea8003efec34adc0863c18ce91da923018354d27366f7fee7db928d7a \
    --hash=sha256:60f5ea17aed4262630afa43f26997ceabd6417fa05dcedf54c665f5a29193e18 \
    --hash=sha256:64967c6ddb0d4c610dfd8cb1485981b2d27972ddfb7d4bbbd9e199d2a089c450 \
    --hash=sha256:7234ae9e28db64273fbbfa72caebd0a97e3bdba6b05064114741b9539ef339d0 \
    --hash=sha256:83572afe48733bad7a4a9c11721d3a726c2e976d82b063fc9bdd049d76955abd \
    --hash=sha256:dbb7b950f8c02deaffb6968994691e8589d671b7ef8396bc9d5b5c0dfbb7292f \
    --hash=sha256:fdf4afd75c643e60ef4a96fe64fc8a9def27d2a542112332371a9e5066885f9a
h5py==3.16.0 \
    --hash=sha256:099f2525c9dcf28de366970a5fb34879aab20491589fa89ce2863a84218bb524 \
    --hash=sha256:171038f23bccddfc23f344cadabdfc9917ff554db6a0d417180d2747fe4c75a7 \
    --hash=sha256:18f2bbcd545e6991412253b98727374c356d67caa920e68dc79eab36bf5fedad \
    --hash=sha256:370a845f432c2c9619db8eed334d1e610c6015796122b0e57aa46312c22617d9 \
    --hash=sha256:42108e93326c50c2810025aade9eac9d6827524cdccc7d4b75a546e5ab308edb \
    --hash=sha256:656f00e4d903199a1d58df06b711cf3ca632b874b4207b7dbec86185b5c8c7d4 \
    --hash=sha256:7e420b539fb6023a259a1b14d4c9f6df8cf50d7268f48e161169987a57b737ff \
    --hash=sha256:9300ad32dea9dfc5171f94d5f6948e159ed93e4701280b0f508773b3f582f402 \
    --hash=sha256:a0dbaad796840ccaa67a4c144a0d0c8080073c34c76d5a6941d6818678ef2738
idna==3.20 \
    --hash=sha256:a7db850025b95ded1eae8a46181a1a6c56c92c96f0e2b005d9ff8dc0210cab44 \
    --hash=sha256:ab7ae7122974553370f0bdb919e1a960b2cd1bc1ef0276416d896db81c14582c
imagesize==2.0.1 \
    --hash=sha256:b2ba6a4dea487a7ebcd53248d3476aca449d30db12a2dde5e0c5ca9624fd77e5 \
    --hash=sha256:ea0c9a0384df69ed86a943a15cde37d0360b82491b3910dc2215e202e62b5b02
iniconfig==2.3.1 \
    --hash=sha256:67f4b9c50da0dedf52af349e7749a80a9057a5031199791b906c3bb3ae878960 \
    --hash=sha256:9121e2c1fdb355232495be3194c8dfe87ccc2d5dee45947b78e68f499790d7a7
ipykernel==7.4.0 \
    --hash=sha256:4330114d22b9b33575b2c7c68753fc8faabbbcfbc60b0cdff9f14dd4ce63742f \
    --hash=sha256:a6757f790ddc5a6006b813d82da1a9dbb65b3a00f2b6607df776418c6566ec1c
ipython==9.17.1 \
    --hash=sha256:6d1645743cfd1a07eb695d85aa2b5fa66721f8cbae9431d4049f7084bbf06509 \
    --hash=sha256:8919be8c27f20a6f4423145028063f6637b42a03ce57665bb12015ee1f073529
ipython-pygments-lexers==1.1.1 \
    --hash=sha256:09c0138009e56b6854f9535736f4171d855c8c08a563a0dcd8022f78355c7e81 \
    --hash=sha256:a9462224a505ade19a605f71f8fa63c2048833ce50abc86768a0d81d876dc81c
jedi==0.20.0 \
    --hash=sha256:7bdd9c2634f56713299976f4cbd59cb3fa92165cc5e05ea811fb253480728b67 \
    --hash=sha256:c3f4ccbd276696f4b19c54618d4fb18f9fc24b0aef02acf704b23f487daa1011
jinja2==3.1.6 \
    --hash=sha256:0137fb05990d35f1275a587e9aee6d56da821fc83491a0fb838183be43f66d6d \
    --hash=sha256:85ece4451f492d0c13c5dd7c13a64681a86afae63a5f347908daf103ce6d2f67
jsonschema==4.26.0 \
    --hash=sha256:0c26707e2efad8aa1bfc5b7ce170f3fccc2e4918ff85989ba9ffa9facb2be326 \
    --hash=sha256:d489f15263b8d200f8387e64b4c3a75f06629559fb73deb8fdfb525f2dab50ce
jsonschema-specifications==2025.9.1 \
    --hash=sha256:98802fee3a11ee76ecaca44429fda8a41bff98b00a0f2838151b113f210cc6fe \
    --hash=sha256:b540987f239e745613c7a9176f3edb72b832a4ac465cf02712288397832b5e8d
jupyter-client==8.10.0 \
    --hash=sha256:5f73f24f22fa25192cfff6b23c051932a2473a797b05734aff495b392103e14e \
    --hash=sha256:9f7116294dca55f1785be880057d44544db9b1567718d92cb33c58886afb9497
jupyter-core==5.9.1 \
    --hash=sha256:4d09aaff303b9566c3ce657f580bd089ff5c91f5f89cf7d8846c3cdf465b5508 \
    --hash=sha256:ebf87fdc6073d142e114c72c9e29a9d7ca03fad818c5d300ce2adc1fb0743407
kiwisolver==1.5.1 \
    --hash=sha256:186884a58486651e3c217b6acea0a53eaa9498fdd472057c46f2f0fb5c25aad5 \
    --hash=sha256:1ed0f5e49d0ceff8b72190824d9e59c062fbbc02c231b853112c78474b3f5ec2 \
    --hash=sha256:21e46b23a2da695c364124817bc01d970effd5483147f8d66a6a7167e3f6b851 \
    --hash=sha256:74ad5c3dad54a4641b4c28cd15ded70899d04459c6c7aeacafea716be97cce6d \
    --hash=sha256:75d9b1cf8258462dbdc1eeda718c96ea7f079324c09067f6daabfcf37712b7fe \
    --hash=sha256:77a4c8187a5948d7f8795adb765a3c7b553d07d86d88e43038fc32fc1fb9a3f3 \
    --hash=sha256:876bbfd276473d3daffe30e8c975df4ed9429967b41a6cb362dbb5155b6f13ad \
    --hash=sha256:886fc26012f0e8b5f69d1cfe6d711f6b11f194621539bf8e6bb1c25c5dc82724 \
    --hash=sha256:8a34616dc2521cc8dc1d7d081734da63539f021ac0450ce950908340c6e7aa2f \
    --hash=sha256:8bf4df63592c2a66b4f8edc5df2544998c288aa02f96ce0acd880cd1de8c8127 \
    --hash=sha256:8fca690b00c4c48f6c2a547b0160ed511357093a4e4c9b47e0fadf3128066d89 \
    --hash=sha256:a5ca5aebae78a0bc13c1943af4af615d4966c5b650b05d5aa83b50e427196fee \
    --hash=sha256:aefe930d113798330e9462f7874542977869c0613cba3262e2de3a8d5dee8f3a \
    --hash=sha256:b6ae6a0328f0bc035741820fdeecdcd67bf4694eee03972e843663107122f450 \
    --hash=sha256:c90d3022d8a94778939cda8638c6c8da8fa757b8958dad7ec868ce29c87681b8 \
    --hash=sha256:d09037ca068d784ebc4aec290ef952ca27ac15dd9c0b5801a88c6e1096b83e6b \
    --hash=sha256:dc23390afe9f4ef9ac3bcc72a03a56eebbde03f4c571a32cb38f859cff9a6524 \
    --hash=sha256:f1303ef2eec81262a4b708c3e858afe58d7c75ad91c1c05266eda7673369859a \
    --hash=sha256:f942903fde7363d1d879057ec5de01310efda2597161784d752fa9953a01a71a
llvmlite==0.50.0 \
    --hash=sha256:1cb21c420a47dcfa56223228d013c6f9d234e05e06e6819a41638d78bbd78e6c \
    --hash=sha256:266a6a29be71c3e3a22960ddcedf66b4e0388e5abb6cc4991cc093d6df402ad7 \
    --hash=sha256:425845f415a06dc50db08db033c6b568e0d85c4937e932c605a4d49e1514b2da \
    --hash=sha256:7dde9836d144c446a303b57b2dd906c35308411eb07f1279c1db581d3d774048 \
    --hash=sha256:a32980e3d727b0e56974ad89d0764920048602a75805b8917cc0298e798b0ced \
    --hash=sha256:f2a2cd6ec9ffcc1b7147dea0d7a49efebf17a2b434e0c2844fe175999d571eb4
markdown-it-py==4.2.0 \
    --hash=sha256:04a21681d6fbb623de53f6f364d352309d4094dd4194040a10fd51833e418d49 \
    --hash=sha256:9f7ebbcd14fe59494226453aed97c1070d83f8d24b6fc3a3bcf9a38092641c4a
markupsafe==3.0.4 \
    --hash=sha256:06de8ef6331f6e822c28d577dc8bf43fe398800477c49498f38fc38b67ff33fc \
    --hash=sha256:18a801868a884f216e784d7d14db2a4077143ce7610440aee2ce8f734e7cfcde \
    --hash=sha256:1f1f9477e174582b0a1b583d60b66e1f2cf5d3fe12cee985e4aedf44766600e5 \
    --hash=sha256:2628d3a8cb648ecebb3c5d6b0a1052d400e4d8b7ac0fb786be8d285b50040d17 \
    --hash=sha256:2d1b7d9308288661f56672b1b157d75fc536714d3638487bbea17b6318a78248 \
    --hash=sha256:2e9ad7dd851bf45fab9f75cbff4cb493fee9979e8d8c7c9c3ee119022518edd6 \
    --hash=sha256:34bdde374c5932765d7dc685c4a1d191a3207852d67e8e0a9eb6ea85156181f1 \
    --hash=sha256:434139499bb20b502ed3baa1f169e618f924a97e7a777fea1a49446d80106cf6 \
    --hash=sha256:5066b244f576f91afc8ee3ba029a89f99d39c79b1853fe9d39bea9f0afbec148 \
    --hash=sha256:5989cb26b2e1efc6a42216a9f6b5ee495ce5ace2e5b352a9af489976b32d1ee2 \
    --hash=sha256:672d207103e6b16ca098611b0f9efad6bc00afd47c03d6ef62186495ca677dc0 \
    --hash=sha256:6bd9e1788e15bfcf6a9082de42e30387e7b85d211ab21e57a939bb8cfaaf8d96 \
    --hash=sha256:7018d4af1cd272e847aa5917983ab5e83e4f6579f9dbfecd4a79c0ca80b144c2 \
    --hash=sha256:73e77980c7207854f00fc4e71fb1626868d5740ab4012623d55c7a99ad122a72 \
    --hash=sha256:7a83aa6e4805df46fed18e989d3d16f86ef60cb50bbc8d9ce3a6be89165fbf6e \
    --hash=sha256:9e227f3dbe6bde7491cf0a9965d00b88c6b1a4a95d11480ddf88bb96d397c19f \
    --hash=sha256:a5fcffb37e602b0b3c1638a97746b9b96125caa9bcf6fa41d337a9261de231ee \
    --hash=sha256:add96447a86d205ab616665d53b2950ee81083757f56e6ea833c8b2917646b46 \
    --hash=sha256:b8cd1f918b26fd7b1832ece557cc18f2d8747309ff8b3f0ef9d4250c5ad67a39 \
    --hash=sha256:c90d5b3d4e944e065a301d741b3c1d784f6bd1f503aa68b4967e32b2ba313d85 \
    --hash=sha256:de8b364c423ef0a4bad9069657d617f9a5d2b2062457a89b1fa16ee199c399c1
matplotlib==3.11.2 \
    --hash=sha256:1944895967f87c84c9b4bad29a707b31f5b36df4a3a2339ea1f8ea3ce5105539 \
    --hash=sha256:2a8285cea8ef4d92aa041d1c33788bcae82248503300f93f1ca2136b9049452f \
    --hash=sha256:3e8576f7c47e02fd4f21f44171302d2d1d58d4471d46da3d71fe8899d19539d9 \
    --hash=sha256:7d43ff8cebb50840648cb6429b2228621dbd709010f3117b3740abb20abf21c0 \
    --hash=sha256:7e5a90f8a707ebb6004a713b1cff091a40cc5df4c7c1cb165e5a505ebc11c292 \
    --hash=sha256:af2661f6ac6bbd1d081996f54fdd9385715c625ace8cec0869055c0cfbf38981 \
    --hash=sha256:bc067c462a86f0e57bf52fc6e058d90171a5420007dac00c46e90153050c69a7 \
    --hash=sha256:cec596316640f2b394b8f0daa0ea61a8eae82d017b620b9f202befb972a59ea4
matplotlib-inline==0.2.2 \
    --hash=sha256:3c821cf1c209f59fb2d2d64abbf5b23b67bcb2210d663f9918dd851c6da1fcf6 \
    --hash=sha256:72f3fe8fce36b70d4a5b612f899090cd0401deddc4ea90e1572b9f4bfb058c79
mdit-py-plugins==0.6.1 \
    --hash=sha256:214c82fb2ac524472ab6a5bcab1de80f73b50443e187f401bfd77efbc7c6481d \
    --hash=sha256:a2bca0f039f39dbd35fb74ae1b5f998608c437463371f0ff7f49a19a17a114d0
mdurl==0.1.2 \
    --hash=sha256:84008a41e51615a49fc9966191ff91509e3c40b939176e643fd50a5c2196b8f8 \
    --hash=sha256:bb413d29f5eea38f31dd4754dd7377d4465116fb207585f97bf925588687c1ba
myst-parser==5.1.0 \
    --hash=sha256:9c91c52b3cdb4d94a6506e4fab4e2f296c7623a0da0dcbe6de1565c3dad67a8a \
    --hash=sha256:ab69322dc6719dcc7f296479dbb70181b66df6ed315064f92dbc85c0e1bf2f02
nbclient==0.11.0 \
    --hash=sha256:04a134a5b087f2c5887f228aca155db50169b8cd9334dee6942c8e927e56081a \
    --hash=sha256:ef7fa0d59d6e1d41103933d8a445a18d5de860ca6b613b87b8574accdb3c2895
nbformat==5.11.1 \
    --hash=sha256:32d4521c68c6e7d5b29c76defaeed9f42ea733142b9b19f88277ce10390b9c4d \
    --hash=sha256:cc6698fa75f4fab8755ead786317815f13a6fee3b53311c0abb1a8b51d52f7ec
nest-asyncio2==1.7.4 \
    --hash=sha256:86e77b52c3d1496b294af3c944b44213b9b82a12a5ee590c0acc4ca4692ef6c7 \
    --hash=sha256:995b1409d926ec55e0876ea39a69bffdd8852cf1db3652c177e8c8ffdbcaf3cc
numba==0.68.0 \
    --hash=sha256:50e3c81d8bf6956c7d7330a985bf1468efaa9e4c4539c9fa0ac6c7866ea6e369 \
    --hash=sha256:8a781de54b980b98f43bff7f1093701b5f07c80d031c7cfa8a87493d8bf73f2d \
    --hash=sha256:b8b29602f57df06c724fc53b1740887bc4332f202206771d46e47b25b485e904 \
    --hash=sha256:be647fbc60c18c0323b34479f80173879654894eec58ad061f4b1901e294d854 \
    --hash=sha256:bf7435c81912e271a28a19c348ada5b3986e2409f95a067533c5f4aab8709295 \
    --hash=sha256:df6f881c5695f472873d0979bab54261959b3174b6c98a71f6f8a43c3e088985
numpy==2.5.3 \
    --hash=sha256:1302b90c0e52281681b2975adfe8a860cb7b12216a27b4b0b4207c44bf7bccf0 \
    --hash=sha256:1c80eabb4035ecf4ca9cd49cde8a9fdd69a729e63e6474887d1523ade7aa277f \
    --hash=sha256:66a78fe4556c60aceda5916f9eacd638b18e9e681016ec302dcb4682d6d4d034 \
    --hash=sha256:71cad2b2a7451ab79d8f5e71b453485b6775963d5cf794179144a7463fe6e8ec \
    --hash=sha256:8e4dd766076855b5ff7ea52fa5f07ce26286726e0f8bff446b7739d02e6ea204 \
    --hash=sha256:92f30e89b8ee0ecf363033576c422b2f58fed6a80bed0aa48dff6d14c654663e \
    --hash=sha256:a5fa86b80fd24bcd1aff83ad23be44ea323de3f787be8f8b15d4a65621e25321 \
    --hash=sha256:bd4cb9ad3c7889b9b3fe0a9a9fb5d2ed26f9879bff2608d9f01aed147a20d231 \
    --hash=sha256:c76d5dde9f445058f83d0c02af00557a4db91de9a9a57c0df87d1535001d654b \
    --hash=sha256:ccbc4665079665c3cf3bab4db9f6b095370cd6437d66be549b6c2a1fd19e1958 \
    --hash=sha256:df2d5874ff183595a4ba404edd04f6bd9b5505c1d7708573f6a6c17489a67563 \
    --hash=sha256:f9a2353b37a1a9e78fd82b27ad7e2a32a2d036604d18f02b05e3136c62ca3b09
openpyxl==3.1.5 \
    --hash=sha256:5282c12b107bffeef825f4617dc029afaf41d0ea60823bbb665ef3079dc79de2 \
    --hash=sha256:cf0e3cf56142039133628b5acffe8ef0c12bc902d2aadd3e0fe5878dc08d1050
packaging==26.3 \
    --hash=sha256:94edc256424af38762eb31306eed28beb9f0efc50a8837492c9d6fd6004aed79 \
    --hash=sha256:d7193f7c8e4e93f444fde0262bf90af30e16fa0ad0ad44cb553c87339b23cd1c
pandas==3.0.6 \
    --hash=sha256:097090508a1dd335013d39106fc10b20f4fd4a171638e47b77d55798ed9dab6c \
    --hash=sha256:1e92d9fa834c7d877130027cddc0cad8dcff97c1f6cca26bd6310f847228b658 \
    --hash=sha256:60d81f9e1799b36f3739e7fff44d1fbb2e8fd5a271b3863e03de9715fccda0fa \
    --hash=sha256:66b07ef7315a31bfe1089cd3d71a7de781c9dca986762d0b4fe7c0ef17465d10 \
    --hash=sha256:9ae8073aed8e21d1a7fe263dcdc6840743549722a6738198a0a46000fa9476f2 \
    --hash=sha256:b27c8d890e4aa2171437ae2a39de1d215e674158e4865c4023a8b31c932513b2 \
    --hash=sha256:cc39303913e2ea129915670de5d1c9fbd647f543bb72e5543bac8baa94e9e42f \
    --hash=sha256:f3ce8a6968045481e91a3990e797e348ce13db45ee164a7095bbc824e26c09dd \
    --hash=sha256:f8029ec0f1f89e4f985929ce1f6626dabf3140d61a4e9c1215afdab34eaf9a5d
parso==0.8.7 \
    --hash=sha256:a8926eb2a1b915486941fdbd31e86a4baf88fe8c210f25f2f35ecec5b574ca1c \
    --hash=sha256:eaaac4c9fdd5e9e8852dc778d2d7405897ec510f2a298071453e5e3a07914bb1
pexpect==4.9.0 \
    --hash=sha256:7236d1e080e4936be2dc3e326cec0af72acf9212a7e1d060210e70a47e253523 \
    --hash=sha256:ee7d41123f3c9911050ea2c2dac107568dc43b2d3b0c7557a33212c398ead30f
pillow==12.3.0 \
    --hash=sha256:0847a763afefb695bc912d7c131e7e0632d4edc1d8698f58ddabec8e46b8b6d3 \
    --hash=sha256:1cca606cd25738df4ed873d5ad46bbdb3d83b5cbca291f6b4ff13a4df6b0bbe8 \
    --hash=sha256:21900ce7ba264168cd50defae43cd75d25c833ad4ad6e73ffc5596d12e25ac89 \
    --hash=sha256:3b8182a766685eaa002637e28b4ec8d6b18819a0c71f579bf0dbaa5830297cce \
    --hash=sha256:4e8c2a84d977f50b9daed6eeaf3baef67d00d5d74d932288f02cb94518ee3ace \
    --hash=sha256:571b9fcb07b97ef3a492028fb3d2dc0993ca23a06138b0315286566d29ef718a \
    --hash=sha256:756c768d0c9c2955feb7a56c37ea24aea2e369f8d36a88da270b6a9f19e62b5e \
    --hash=sha256:7a743ff716f746fc19a9557f60dab1600d4613255f8a7aeb3cdde4db7eb15a66 \
    --hash=sha256:a876864214e136f0eb367788dbd7df045f4806801518e2cfe9e13229cfe06d8f \
    --hash=sha256:ae26d61dfa7a47befdc7572b521024e8745f3d809bd95ca9505a7bba9ef849ec \
    --hash=sha256:b629de27fda84b42cde7edef0d85f13b958b47f6e9bbcbba9b673c562a89bd8b \
    --hash=sha256:d69141514cc30b774ceea5e3ed3a6635c8d8a96edf664689b890f4089111fb35 \
    --hash=sha256:f7401aebd7f581d7f83a439d87d474999317ee099218e5ad25d125290990ba65
platformdirs==4.12.4 \
    --hash=sha256:63743c02414e755de4e31b8f68125c1407495b86c5a006e203c01ff8b9924250 \
    --hash=sha256:78bfb9db2a8471ed7eebe3c3c932da413911042994e699b384fbb4493fa872d7
pluggy==1.6.0 \
    --hash=sha256:7dcc130b76258d33b90f61b658791dede3486c3e6bfb003ee5c9bfb396dd22f3 \
    --hash=sha256:e920276dd6813095e9377c0bc5566d94c932c33b27a3e3945d8389c374dd4746
prompt-toolkit==3.0.53 \
    --hash=sha256:01c0891d7f9237d5e339f7d3e42cdae80b7534abb1c7c0e3352efba6231492f2 \
    --hash=sha256:9ec8a0ad96d5c56148b3f914aa79c1564c3fde5d2e6b876e7bc327e353cf8fa6
psutil==7.2.2 \
    --hash=sha256:0746f5f8d406af344fd547f1c8daa5f5c33dbc293bb8d6a16d80b4bb88f59372 \
    --hash=sha256:076a2d2f923fd4821644f5ba89f059523da90dc9014e85f8e45a5774ca5bc6f9 \
    --hash=sha256:1a571f2330c966c62aeda00dd24620425d4b0cc86881c89861fbc04549e5dc63 \
    --hash=sha256:1a7b04c10f32cc88ab39cbf606e117fd74721c831c98a27dc04578deb0c16979 \
    --hash=sha256:2edccc433cbfa046b980b0df0171cd25bcaeb3a68fe9022db0979e7aa74a826b \
    --hash=sha256:8c233660f575a5a89e6d4cb65d9f938126312bca76d8fe087b947b3a1aaac9ee \
    --hash=sha256:917e891983ca3c1887b4ef36447b1e0873e70c933afc831c6b6da078ba474312 \
    --hash=sha256:ab486563df44c17f5173621c7b198955bd6b613fb87c71c161f827d3fb149a9b \
    --hash=sha256:ae0aefdd8796a7737eccea863f80f81e468a1e4cf14d926bd9b6f5f2d5f90ca9 \
    --hash=sha256:b0726cecd84f9474419d67252add4ac0cd9811b04d61123054b9fb6f57df6e9e \
    --hash=sha256:b58fabe35e80b264a4e3bb23e6b96f9e45a3df7fb7eed419ac0e5947c61e47cc \
    --hash=sha256:e78c8603dcd9a04c7364f1a3e670cea95d51ee865e4efb3556a3a63adef958ea \
    --hash=sha256:eb7e81434c8d223ec4a219b5fc1c47d0417b12be7ea866e24fb5ad6e84b3d988 \
    --hash=sha256:ed0cace939114f62738d808fdcecd4c869222507e266e574799e9c0faa17d486 \
    --hash=sha256:fd04ef36b4a6d599bbdb225dd1d3f51e00105f6d48a28f006da7f9822f2606d8
ptyprocess==0.7.0 \
    --hash=sha256:4b41f3967fce3af57cc7e94b888626c18bf37a083e3651ca8feeb66d492fef35 \
    --hash=sha256:5c5d0a3b48ceee0b48485e0c26037c0acd7d29765ca3fbb5cb3831d347423220
pure-eval==0.2.4 \
    --hash=sha256:260c2774686e651b79f8b8e7fc9d80b3599ea6a66334b47d5f4abb69fc2c0ea1 \
    --hash=sha256:96cae060a313cfaad51bb761278bfb0e62dc0248d9315a81173752dc546cd37a
pygments==2.21.0 \
    --hash=sha256:2363c69b61c4a97c838da3b130dcd6468f4848992b21a82f2a63ec34377137d9 \
    --hash=sha256:610ca751c9bc2492b38eb9a38a7fbc93edbbb2d7182edaf34e66ae493dee5c8c
pymrm==2.5.0 \
    --hash=sha256:14021802d150e5f071cffaae72276107cbb628e68eeec28dc5be8c9789cc00ae \
    --hash=sha256:17d95c809c5c3c6b2e74e71eb49e5e5cdd168471a07fd15e17d3b9ee3d6f1383
pyparsing==3.3.3 \
    --hash=sha256:928ae7e20211f3b6f3915a72f06a0cfd29ab9d24279dd6346b6b1a7146397d36 \
    --hash=sha256:ece8c00a69cf01b45d0b1dedabb469c90d8caf996d4fda40f147627a122849a4
pytest==9.1.1 \
    --hash=sha256:1088fbde8f2b49d95a549a195707afa7a76a3ce9bcadc26b6d71f0ffda5fe313 \
    --hash=sha256:37a86b45efb9a47a61a36449063e8e18d0cab3161329fc099eb21783169c4f0c
pytest-cov==7.1.0 \
    --hash=sha256:30674f2b5f6351aa09702a9c8c364f6a01c27aae0c1366ae8016160d1efc56b2 \
    --hash=sha256:a0461110b7865f9a271aa1b51e516c9a95de9d696734a2f71e3e78f46e1d4678
python-dateutil==2.9.0.post0 \
    --hash=sha256:37dd54208da7e1cd875388217d5e00ebd4179249f90fb72437e91a35459a0ad3 \
    --hash=sha256:a8b2bc7bffae282281c8140a97d3aa9c14da0b136dfe83f850eea9a5f7470427
pyyaml==6.0.3 \
    --hash=sha256:0f29edc409a6392443abf94b9cf89ce99889a1dd5376d94316ae5145dfedd5d6 \
    --hash=sha256:2283a07e2c21a2aa78d9c4442724ec1eb15f5e42a723b99cb3d822d48f5f7ad1 \
    --hash=sha256:5498cd1645aa724a7c71c8f378eb29ebe23da2fc0d7a08071d89469bf1d2defb \
    --hash=sha256:79005a0d97d5ddabfeeea4cf676af11e647e41d81c9a7722a193022accdb6b7c \
    --hash=sha256:8da9669d359f02c0b91ccc01cac4a67f16afec0dac22c2ad09f46bee0697eba8 \
    --hash=sha256:a33284e20b78bd4a18c8c2282d549d10bc8408a2a7ff57653c0cf0b9be0afce5 \
    --hash=sha256:d0eae10f8159e8fdad514efdc92d74fd8d682c933a6dd088030f3834bc8e6b26 \
    --hash=sha256:d76623373421df22fb4cf8817020cbb7ef15c725b9d5e45f17e189bfc384190f \
    --hash=sha256:eda16858a3cab07b80edaf74336ece1f986ba330fdb8ee0d6c0d68fe82bc96be \
    --hash=sha256:ee2922902c45ae8ccada2c5b501ab86c36525b883eff4255313a253a3160861c \
    --hash=sha256:f7057c9a337546edc7973c0d3ba84ddcdf0daa14533c2065749c9075001090e6
pyzmq==27.2.0 \
    --hash=sha256:00e73942ef12cecbc7951c4a9104bb8ffaed742abb13af2da6833d90dd368cef \
    --hash=sha256:1f8079d0521fe94bbb401fe9407578b28f3701627c8be2c9f7e0c5b77dcb0109 \
    --hash=sha256:288cc790da0e3064a14a38ddc56ba169dada8c8af4cb86518db2bcbd380eedbb \
    --hash=sha256:2c218c6ab8bc447ba62054b581fd30209689d199c6ecb253f79615ca74a38e12 \
    --hash=sha256:348d6fd3e4b81ae4580622ea8c2ea60224e84b2ac1b3be4482e6edc7de06e7a3 \
    --hash=sha256:54d4259d1bfae24ecdb5ca79f7acc2eac6c286a02d6a0ae617797cb45f0726d3 \
    --hash=sha256:591c8de5851c5ea372194469fe97587b97c3b641e9a70f31bb3474acbfde0241 \
    --hash=sha256:b8d5f66e4a8246cf77f7b8f7902af64f00553368fa0373c89d99b78f0ad79394 \
    --hash=sha256:c551b9e2f86dc625fcb1a032c0d68042678caf96a8dd7c28796766b673bd5b52 \
    --hash=sha256:d1526b42a2e725b84ed226f37becedc250c6347594e5ed304e4e9aff68c9aec3 \
    --hash=sha256:dcc99ca132b667a4ed750afd42db4ea73288f18425a9b2e3c0af095665c491f5 \
    --hash=sha256:dea74fd65f1fc5f7fe167916a473ebe6ed6174e5e5d9de11ea6583661be6cf43 \
    --hash=sha256:f707bcf2c1d007d14d70531d4dd7b41060881c73efa845580bf6faaf9ea24d42 \
    --hash=sha256:fdaaa4ea3242f6ad298eb5177eb042aea5c73c30e76d20caee7b15af20d24ec2
referencing==0.37.0 \
    --hash=sha256:381329a9f99628c9069361716891d34ad94af76e461dcb0335825aecc7692231 \
    --hash=sha256:44aefc3142c5b842538163acb373e24cce6632bd54bdb01b21ad5863489f50d8
requests==2.34.2 \
    --hash=sha256:2a0d60c172f83ac6ab31e4554906c0f3b3588d37b5cb939b1c061f4907e278e0 \
    --hash=sha256:f288924cae4e29463698d6d60bc6a4da69c89185ad1e0bcc4104f584e960b9ed
roman-numerals==4.1.0 \
    --hash=sha256:1af8b147eb1405d5839e78aeb93131690495fe9da5c91856cb33ad55a7f1e5b2 \
    --hash=sha256:647ba99caddc2cc1e55a51e4360689115551bf4476d90e8162cf8c345fe233c7
rpds-py==2026.9.1 \
    --hash=sha256:172e47169583f46ce118cbec68e6795d0da0f4606b488b6434f8276bca0a058c \
    --hash=sha256:3cd182d7291d29b92c521a0069d9c01ba6193628a9a105531d11b40a6d731a33 \
    --hash=sha256:3e93b2cd69a9830be33e03945cd7cda940a0a8bfcfbff41d6144f0cb0d3d8bd9 \
    --hash=sha256:457866b85daf5034296666168b84a69e0b2e89dc4f1af102b46f6448a60b9063 \
    --hash=sha256:4793ef7f78268b124b73fa933440f01d258bbae01de9fa53e9080c9ab0425a12 \
    --hash=sha256:5943980471829f6de242a20b109de3111ba6b77e3af0ffc587028ac854b05e6c \
    --hash=sha256:76d3af9732d2dab69f28179b40ba2d87e2f1d5824b4a694780aa787d685e8f36 \
    --hash=sha256:78326f4cb4427a56ba4996c0762b63be45f06b85f086526420d2b3a66e40f84d \
    --hash=sha256:7868b85224291c6cb6759f9b5adb9745f486d226f62b16a614dd5a2a5ab2b35b \
    --hash=sha256:926bdd3e3b5998ddf70cc64bc8cf57209571f9044542913afb673799fec77dd0 \
    --hash=sha256:a36b70596407634ca82d4b989a3729074a008537a0522e4c8046a67c729103e9 \
    --hash=sha256:a3a52a3ba86436ab3aef510fbe21512abc2ddd1993005dfe50514bd2284ef025 \
    --hash=sha256:d151e148117294133bf8af7eeace085e7e87432db15ab6adf640330298a47f6f \
    --hash=sha256:d7841166b7fa64c9c56404617ae4341448847482d45933b13135d26c130519e5 \
    --hash=sha256:e6ea1cda8d8c688278430e4268a42f5e5da3bdd74578dfadc0820c3f1766ce83 \
    --hash=sha256:eba5d173f7d5708b22a93815017a4611873ed54db9f268077c0dd1ed99cfc858
scipy==1.18.1 \
    --hash=sha256:3ab3523da44749156e1f68b464dc56af11ae4cbc5c739a49d05f32b982eca9f3 \
    --hash=sha256:52c4b7422442aba924d03ad4019852b08a92e64ea187b933135687bfe2747307 \
    --hash=sha256:559ed65f60c1af5a03f3912605a1b5114f522c7c32fb23c3376ae8f03219fe28 \
    --hash=sha256:75b00eb8fb802090aa903f4ea1c7f5a584779f967361e68b7e98e531cc2d7174 \
    --hash=sha256:c825cef2f49e46753726a7181a8e199804a912b29519ada542c6ebc654951899 \
    --hash=sha256:cd479fc04dd9401e3b4f49e76518768ef99c4f517a98c284eb091fd725719adf \
    --hash=sha256:d416b16cccfd70fbf62400e84d0bb2f4e6af519a45557f1692c749b37f14b315 \
    --hash=sha256:e3b417bf8c2c7c16e8f58ad91db17783ec911ac16e7b50eb6eab6e809b4f5b07 \
    --hash=sha256:e6fb6a55cc0ba97b59a1f288fb86dc6fce8bdfc0fffcbfd015e3a954bf2a2d93 \
    --hash=sha256:ea324d9dd34c38bfb9bec8ca4d1b407db97dbb74029f566b8e322b1b6fe56fe6 \
    --hash=sha256:fdaf5ea890a6183d0565f51a61799d67081bd5b1cf03c5f4b3fd3732108625c9
six==1.17.0 \
    --hash=sha256:4721f391ed90541fddacab5acf947aa0d3dc7d27b2e1e8eda2be8970586c3274 \
    --hash=sha256:ff70335d468e7eb6ec65b95b99d3a2836546063f63acc5171de367e834932a81
snowballstemmer==3.1.1 \
    --hash=sha256:7e207fa178741da09cdee59d3ecec3827ad5f92b1fc5c9ff3755b639f71f5752 \
    --hash=sha256:e07bbc54a0d798fe6010a12398422e62a8bfbba95c394fd0956ef58cb4d3e260
sphinx==9.1.0 \
    --hash=sha256:7741722357dd75f8190766926071fed3bdc211c74dd2d7d4df5404da95930ddb \
    --hash=sha256:c84fdd4e782504495fe4f2c0b3413d6c2bf388589bb352d439b2a3bb99991978
sphinx-rtd-theme==3.1.0 \
    --hash=sha256:1785824ae8e6632060490f67cf3a72d404a85d2d9fc26bce3619944de5682b89 \
    --hash=sha256:b44276f2c276e909239a4f6c955aa667aaafeb78597923b1c60babc76db78e4c
sphinxcontrib-applehelp==2.0.0 \
    --hash=sha256:2f29ef331735ce958efa4734873f084941970894c6090408b079c61b2e1c06d1 \
    --hash=sha256:4cd3f0ec4ac5dd9c17ec65e9ab272c9b867ea77425228e68ecf08d6b28ddbdb5
sphinxcontrib-devhelp==2.0.0 \
    --hash=sha256:411f5d96d445d1d73bb5d52133377b4248ec79db5c793ce7dbe59e074b4dd1ad \
    --hash=sha256:aefb8b83854e4b0998877524d1029fd3e6879210422ee3780459e28a1f03a8a2
sphinxcontrib-htmlhelp==2.1.0 \
    --hash=sha256:166759820b47002d22914d64a075ce08f4c46818e17cfc9470a9786b759b19f8 \
    --hash=sha256:c9e2916ace8aad64cc13a0d233ee22317f2b9025b9cf3295249fa985cc7082e9
sphinxcontrib-jquery==4.1 \
    --hash=sha256:1620739f04e36a2c779f1a131a2dfd49b2fd07351bf1968ced074365933abc7a \
    --hash=sha256:f936030d7d0147dd026a4f2b5a57343d233f1fc7b363f68b3d4f1cb0993878ae
sphinxcontrib-jsmath==1.0.1 \
    --hash=sha256:2ec2eaebfb78f3f2078e73666b1415417a116cc848b72e5172e596c871103178 \
    --hash=sha256:a9925e4a4587247ed2191a22df5f6970656cb8ca2bd6284309578f2153e0c4b8
sphinxcontrib-qthelp==2.0.0 \
    --hash=sha256:4fe7d0ac8fc171045be623aba3e2a8f613f8682731f9153bb2e40ece16b9bbab \
    --hash=sha256:b18a828cdba941ccd6ee8445dbe72ffa3ef8cbe7505d8cd1fa0d42d3f2d5f3eb
sphinxcontrib-serializinghtml==2.0.0 \
    --hash=sha256:6e2cb0eef194e10c27ec0023bfeb25badbbb5868244cf5bc5bdc04e4464bf331 \
    --hash=sha256:e9d912827f872c029017a53f0ef2180b327c3f7fd23c87229f7a8e8b70031d4d
stack-data==0.6.3 \
    --hash=sha256:836a778de4fec4dcd1dcd89ed8abff8a221f58308462e1c4aa2a3cf30148f0b9 \
    --hash=sha256:d5558e0c25a4cb0853cddad3d77da9891a08cb85dd9f9f91b9f8cd66e511e695
tornado==6.5.10 \
    --hash=sha256:302eb1e0e3e159314eb591920529fdea80acca92df5510a2cec5bbd4f099ec72 \
    --hash=sha256:37ae8f150cecfdbf747fc4e12f5e9a97ecd8cf1d4cdb3f119e2de84b11196918 \
    --hash=sha256:4bd192b959f9128fb99b8898148070ba4574c9589b78bce42d1851131fe85828 \
    --hash=sha256:66aaa3f57d30c6e6becee83ff28055d5930ac724214bde99393eefda83d5e015 \
    --hash=sha256:69acca6501eed74582b76dbbceee2a91613f54728e3e418346000d7103101676 \
    --hash=sha256:83e6cf438b106c6b3852d70960967bb1b70c87438050dca0981e4b9aa751a4c1 \
    --hash=sha256:9261783640e23258694a9ff0795df430a5a7b0a651d3dd53dd0969ad6be16da7 \
    --hash=sha256:a6b1ccd08c04b4a06fb5aeb381be99de5ad1e5375c1785e31d78c880feb57687 \
    --hash=sha256:bdf942448169e5336451d0494d7e3d81cfa726d5aa312affdc4682dd62a62f6d \
    --hash=sha256:ce045d3c298fddd30e89a2777f97039d1b641eb9518ac7b26a4721903539c694
traitlets==5.16.1 \
    --hash=sha256:ed900c2b631aa3a112811139fa97b8d2c3bad5e989656bba4b7e52c7852c18c1 \
    --hash=sha256:f775618166caa0396c8e337099240f2bd3e5e917d203b2e6fbe21a58d3cb1f6b
typing-extensions==4.16.0 \
    --hash=sha256:481caa481374e813c1b176ada14e97f1f67a4539ce9cfeb3f350d78d6370c2e8 \
    --hash=sha256:dc983d19a509c94dba722ee6abd33940f7c05a89e243c47e907eb4db6f1a43e5
urllib3==2.8.0 \
    --hash=sha256:0cf3cae568d36aa9576b28dfb35f11328f1cb974ca7647d9475ebb86c75ac6e3 \
    --hash=sha256:63bf2ead4c879426ebf22ef2a781eeb4aa3b4ae798a0435506f8687fd5bb9b63
wcwidth==0.9.2 \
    --hash=sha256:0a47e03d8293590ecce66c45dc20ff7b4b885e3c78093722239585eca0d77ab2 \
    --hash=sha256:2a9746de704242bd4fdaabb31dd46b82f694a56a8d21081ad89b679a89da9fec \
    --hash=sha256:674b518af28d38ee645ff97b74f5760abee5fad4bac74413bfc4b881ef2ce724 \
    --hash=sha256:67d901a4ad99249eb775b4ee4769ca97fa405d35a75f46e83166910a47003f04 \
    --hash=sha256:751bef0ab404b6a1dc028b56b4b85d46486be1c55833f80da533e42dc691f389 \
    --hash=sha256:7ef5a940bd5e30bac6e721f1a48fce0cd7bb3ece19e9c5d139e72c76c35cfd07 \
    --hash=sha256:89ca642c5bf0101157a09366be69fad0379db1f700ae39a920e103234573670e \
    --hash=sha256:9e542f1f8475b78452a295495d7a5bc3ead565112e9446a64dc93462a41c2a79 \
    --hash=sha256:ae0800c5339423cc53d33a266ad264b42ba8aaa16d4464f6e6b1bee607f50b17 \
    --hash=sha256:ae0ef90b90f6af38b54f1fe6d58662ec33b3cb4b8391958a62416d654231727b \
    --hash=sha256:b9c6ab615e03723b7f8760ea2f27758d656e7e13b51515c9dca5c3e8b04612fa \
    --hash=sha256:c3d80f39ba4653a595edae9aa46a509d14883790a8fc23c5db221ceb207f64b7 \
    --hash=sha256:ee1fd0db9d9fd711a70f3e7765e0e04c05d26982fa05361456163062549d7da4
